// !$*UTF8*$!
{
	archiveVersion = 1;
	classes = {
	};
	objectVersion = 46;
	objects = {

/* Begin PBXBuildFile section */
		DA9188531EE847D1002B840B /* AppDelegate.swift in Sources */ = {isa = PBXBuildFile; fileRef = DA9188221EE847D0002B840B /* AppDelegate.swift */; };
		DA9188541EE847D1002B840B /* Controller.swift in Sources */ = {isa = PBXBuildFile; fileRef = DA9188231EE847D0002B840B /* Controller.swift */; };
		DA9188551EE847D1002B840B /* ControllerParent.swift in Sources */ = {isa = PBXBuildFile; fileRef = DA9188241EE847D0002B840B /* ControllerParent.swift */; };
		DA9188561EE847D1002B840B /* CCreate.swift in Sources */ = {isa = PBXBuildFile; fileRef = DA9188261EE847D0002B840B /* CCreate.swift */; };
		DA9188571EE847D1002B840B /* CHome.swift in Sources */ = {isa = PBXBuildFile; fileRef = DA9188281EE847D0002B840B /* CHome.swift */; };
		DA9188581EE847D1002B840B /* MSession.swift in Sources */ = {isa = PBXBuildFile; fileRef = DA91882D1EE847D0002B840B /* MSession.swift */; };
		DA9188591EE847D1002B840B /* LaunchScreen.storyboard in Resources */ = {isa = PBXBuildFile; fileRef = DA9188301EE847D0002B840B /* LaunchScreen.storyboard */; };
		DA91885A1EE847D1002B840B /* ExtensionDictionary.swift in Sources */ = {isa = PBXBuildFile; fileRef = DA9188331EE847D0002B840B /* ExtensionDictionary.swift */; };
		DA91885B1EE847D1002B840B /* ExtensionFileManager.swift in Sources */ = {isa = PBXBuildFile; fileRef = DA9188341EE847D0002B840B /* ExtensionFileManager.swift */; };
		DA91885C1EE847D1002B840B /* ExtensionNotification.swift in Sources */ = {isa = PBXBuildFile; fileRef = DA9188351EE847D0002B840B /* ExtensionNotification.swift */; };
		DA91885D1EE847D1002B840B /* ExtensionNSLayoutConstraint.swift in Sources */ = {isa = PBXBuildFile; fileRef = DA9188361EE847D1002B840B /* ExtensionNSLayoutConstraint.swift */; };
		DA91885E1EE847D1002B840B /* ExtensionNSManagedObject.swift in Sources */ = {isa = PBXBuildFile; fileRef = DA9188371EE847D1002B840B /* ExtensionNSManagedObject.swift */; };
		DA91885F1EE847D1002B840B /* ExtensionString.swift in Sources */ = {isa = PBXBuildFile; fileRef = DA9188381EE847D1002B840B /* ExtensionString.swift */; };
		DA9188601EE847D1002B840B /* ExtensionUICollectionReusableView.swift in Sources */ = {isa = PBXBuildFile; fileRef = DA9188391EE847D1002B840B /* ExtensionUICollectionReusableView.swift */; };
		DA9188611EE847D1002B840B /* ExtensionUIColor.swift in Sources */ = {isa = PBXBuildFile; fileRef = DA91883A1EE847D1002B840B /* ExtensionUIColor.swift */; };
		DA9188621EE847D1002B840B /* ExtensionUIFont.swift in Sources */ = {isa = PBXBuildFile; fileRef = DA91883B1EE847D1002B840B /* ExtensionUIFont.swift */; };
		DA9188631EE847D1002B840B /* ExtensionURL.swift in Sources */ = {isa = PBXBuildFile; fileRef = DA91883C1EE847D1002B840B /* ExtensionURL.swift */; };
		DA9188641EE847D1002B840B /* Localizable.strings in Resources */ = {isa = PBXBuildFile; fileRef = DA91883E1EE847D1002B840B /* Localizable.strings */; };
		DA9188651EE847D1002B840B /* ResourceURL.plist in Resources */ = {isa = PBXBuildFile; fileRef = DA9188401EE847D1002B840B /* ResourceURL.plist */; };
		DA9188661EE847D1002B840B /* View.swift in Sources */ = {isa = PBXBuildFile; fileRef = DA9188431EE847D1002B840B /* View.swift */; };
		DA9188671EE847D1002B840B /* ViewParent.swift in Sources */ = {isa = PBXBuildFile; fileRef = DA9188441EE847D1002B840B /* ViewParent.swift */; };
		DA9188681EE847D1002B840B /* VAlert.swift in Sources */ = {isa = PBXBuildFile; fileRef = DA9188461EE847D1002B840B /* VAlert.swift */; };
		DA9188691EE847D1002B840B /* VBlur.swift in Sources */ = {isa = PBXBuildFile; fileRef = DA9188471EE847D1002B840B /* VBlur.swift */; };
		DA91886A1EE847D1002B840B /* VBorder.swift in Sources */ = {isa = PBXBuildFile; fileRef = DA9188481EE847D1002B840B /* VBorder.swift */; };
		DA91886B1EE847D1002B840B /* VCollection.swift in Sources */ = {isa = PBXBuildFile; fileRef = DA9188491EE847D1002B840B /* VCollection.swift */; };
		DA91886C1EE847D1002B840B /* VCollectionFlow.swift in Sources */ = {isa = PBXBuildFile; fileRef = DA91884A1EE847D1002B840B /* VCollectionFlow.swift */; };
		DA91886D1EE847D1002B840B /* VGradient.swift in Sources */ = {isa = PBXBuildFile; fileRef = DA91884B1EE847D1002B840B /* VGradient.swift */; };
		DA91886E1EE847D1002B840B /* VPushBackground.swift in Sources */ = {isa = PBXBuildFile; fileRef = DA91884C1EE847D1002B840B /* VPushBackground.swift */; };
		DA91886F1EE847D1002B840B /* VSpinner.swift in Sources */ = {isa = PBXBuildFile; fileRef = DA91884D1EE847D1002B840B /* VSpinner.swift */; };
		DA9188701EE847D1002B840B /* VToast.swift in Sources */ = {isa = PBXBuildFile; fileRef = DA91884E1EE847D1002B840B /* VToast.swift */; };
		DA9188711EE847D1002B840B /* VCreate.swift in Sources */ = {isa = PBXBuildFile; fileRef = DA9188501EE847D1002B840B /* VCreate.swift */; };
		DA9188721EE847D1002B840B /* VHome.swift in Sources */ = {isa = PBXBuildFile; fileRef = DA9188521EE847D1002B840B /* VHome.swift */; };
		DA9188741EE849D4002B840B /* VCreateBar.swift in Sources */ = {isa = PBXBuildFile; fileRef = DA9188731EE849D4002B840B /* VCreateBar.swift */; };
/* End PBXBuildFile section */

/* Begin PBXFileReference section */
		DA91880B1EE846D3002B840B /* bigBrother.app */ = {isa = PBXFileReference; explicitFileType = wrapper.application; includeInIndex = 0; path = bigBrother.app; sourceTree = BUILT_PRODUCTS_DIR; };
		DA91881A1EE846D3002B840B /* Info.plist */ = {isa = PBXFileReference; lastKnownFileType = text.plist.xml; path = Info.plist; sourceTree = "<group>"; };
		DA9188221EE847D0002B840B /* AppDelegate.swift */ = {isa = PBXFileReference; fileEncoding = 4; lastKnownFileType = sourcecode.swift; path = AppDelegate.swift; sourceTree = "<group>"; };
		DA9188231EE847D0002B840B /* Controller.swift */ = {isa = PBXFileReference; fileEncoding = 4; lastKnownFileType = sourcecode.swift; path = Controller.swift; sourceTree = "<group>"; };
		DA9188241EE847D0002B840B /* ControllerParent.swift */ = {isa = PBXFileReference; fileEncoding = 4; lastKnownFileType = sourcecode.swift; path = ControllerParent.swift; sourceTree = "<group>"; };
		DA9188261EE847D0002B840B /* CCreate.swift */ = {isa = PBXFileReference; fileEncoding = 4; lastKnownFileType = sourcecode.swift; path = CCreate.swift; sourceTree = "<group>"; };
		DA9188281EE847D0002B840B /* CHome.swift */ = {isa = PBXFileReference; fileEncoding = 4; lastKnownFileType = sourcecode.swift; path = CHome.swift; sourceTree = "<group>"; };
		DA91882D1EE847D0002B840B /* MSession.swift */ = {isa = PBXFileReference; fileEncoding = 4; lastKnownFileType = sourcecode.swift; path = MSession.swift; sourceTree = "<group>"; };
		DA9188301EE847D0002B840B /* LaunchScreen.storyboard */ = {isa = PBXFileReference; fileEncoding = 4; lastKnownFileType = file.storyboard; path = LaunchScreen.storyboard; sourceTree = "<group>"; };
		DA9188331EE847D0002B840B /* ExtensionDictionary.swift */ = {isa = PBXFileReference; fileEncoding = 4; lastKnownFileType = sourcecode.swift; path = ExtensionDictionary.swift; sourceTree = "<group>"; };
		DA9188341EE847D0002B840B /* ExtensionFileManager.swift */ = {isa = PBXFileReference; fileEncoding = 4; lastKnownFileType = sourcecode.swift; path = ExtensionFileManager.swift; sourceTree = "<group>"; };
		DA9188351EE847D0002B840B /* ExtensionNotification.swift */ = {isa = PBXFileReference; fileEncoding = 4; lastKnownFileType = sourcecode.swift; path = ExtensionNotification.swift; sourceTree = "<group>"; };
		DA9188361EE847D1002B840B /* ExtensionNSLayoutConstraint.swift */ = {isa = PBXFileReference; fileEncoding = 4; lastKnownFileType = sourcecode.swift; path = ExtensionNSLayoutConstraint.swift; sourceTree = "<group>"; };
		DA9188371EE847D1002B840B /* ExtensionNSManagedObject.swift */ = {isa = PBXFileReference; fileEncoding = 4; lastKnownFileType = sourcecode.swift; path = ExtensionNSManagedObject.swift; sourceTree = "<group>"; };
		DA9188381EE847D1002B840B /* ExtensionString.swift */ = {isa = PBXFileReference; fileEncoding = 4; lastKnownFileType = sourcecode.swift; path = ExtensionString.swift; sourceTree = "<group>"; };
		DA9188391EE847D1002B840B /* ExtensionUICollectionReusableView.swift */ = {isa = PBXFileReference; fileEncoding = 4; lastKnownFileType = sourcecode.swift; path = ExtensionUICollectionReusableView.swift; sourceTree = "<group>"; };
		DA91883A1EE847D1002B840B /* ExtensionUIColor.swift */ = {isa = PBXFileReference; fileEncoding = 4; lastKnownFileType = sourcecode.swift; path = ExtensionUIColor.swift; sourceTree = "<group>"; };
		DA91883B1EE847D1002B840B /* ExtensionUIFont.swift */ = {isa = PBXFileReference; fileEncoding = 4; lastKnownFileType = sourcecode.swift; path = ExtensionUIFont.swift; sourceTree = "<group>"; };
		DA91883C1EE847D1002B840B /* ExtensionURL.swift */ = {isa = PBXFileReference; fileEncoding = 4; lastKnownFileType = sourcecode.swift; path = ExtensionURL.swift; sourceTree = "<group>"; };
		DA91883F1EE847D1002B840B /* en */ = {isa = PBXFileReference; lastKnownFileType = text.plist.strings; name = en; path = en.lproj/Localizable.strings; sourceTree = "<group>"; };
		DA9188401EE847D1002B840B /* ResourceURL.plist */ = {isa = PBXFileReference; fileEncoding = 4; lastKnownFileType = text.plist.xml; path = ResourceURL.plist; sourceTree = "<group>"; };
		DA9188431EE847D1002B840B /* View.swift */ = {isa = PBXFileReference; fileEncoding = 4; lastKnownFileType = sourcecode.swift; path = View.swift; sourceTree = "<group>"; };
		DA9188441EE847D1002B840B /* ViewParent.swift */ = {isa = PBXFileReference; fileEncoding = 4; lastKnownFileType = sourcecode.swift; path = ViewParent.swift; sourceTree = "<group>"; };
		DA9188461EE847D1002B840B /* VAlert.swift */ = {isa = PBXFileReference; fileEncoding = 4; lastKnownFileType = sourcecode.swift; path = VAlert.swift; sourceTree = "<group>"; };
		DA9188471EE847D1002B840B /* VBlur.swift */ = {isa = PBXFileReference; fileEncoding = 4; lastKnownFileType = sourcecode.swift; path = VBlur.swift; sourceTree = "<group>"; };
		DA9188481EE847D1002B840B /* VBorder.swift */ = {isa = PBXFileReference; fileEncoding = 4; lastKnownFileType = sourcecode.swift; path = VBorder.swift; sourceTree = "<group>"; };
		DA9188491EE847D1002B840B /* VCollection.swift */ = {isa = PBXFileReference; fileEncoding = 4; lastKnownFileType = sourcecode.swift; path = VCollection.swift; sourceTree = "<group>"; };
		DA91884A1EE847D1002B840B /* VCollectionFlow.swift */ = {isa = PBXFileReference; fileEncoding = 4; lastKnownFileType = sourcecode.swift; path = VCollectionFlow.swift; sourceTree = "<group>"; };
		DA91884B1EE847D1002B840B /* VGradient.swift */ = {isa = PBXFileReference; fileEncoding = 4; lastKnownFileType = sourcecode.swift; path = VGradient.swift; sourceTree = "<group>"; };
		DA91884C1EE847D1002B840B /* VPushBackground.swift */ = {isa = PBXFileReference; fileEncoding = 4; lastKnownFileType = sourcecode.swift; path = VPushBackground.swift; sourceTree = "<group>"; };
		DA91884D1EE847D1002B840B /* VSpinner.swift */ = {isa = PBXFileReference; fileEncoding = 4; lastKnownFileType = sourcecode.swift; path = VSpinner.swift; sourceTree = "<group>"; };
		DA91884E1EE847D1002B840B /* VToast.swift */ = {isa = PBXFileReference; fileEncoding = 4; lastKnownFileType = sourcecode.swift; path = VToast.swift; sourceTree = "<group>"; };
		DA9188501EE847D1002B840B /* VCreate.swift */ = {isa = PBXFileReference; fileEncoding = 4; lastKnownFileType = sourcecode.swift; path = VCreate.swift; sourceTree = "<group>"; };
		DA9188521EE847D1002B840B /* VHome.swift */ = {isa = PBXFileReference; fileEncoding = 4; lastKnownFileType = sourcecode.swift; path = VHome.swift; sourceTree = "<group>"; };
		DA9188731EE849D4002B840B /* VCreateBar.swift */ = {isa = PBXFileReference; fileEncoding = 4; lastKnownFileType = sourcecode.swift; path = VCreateBar.swift; sourceTree = "<group>"; };
/* End PBXFileReference section */

/* Begin PBXFrameworksBuildPhase section */
		DA9188081EE846D3002B840B /* Frameworks */ = {
			isa = PBXFrameworksBuildPhase;
			buildActionMask = 2147483647;
			files = (
			);
			runOnlyForDeploymentPostprocessing = 0;
		};
/* End PBXFrameworksBuildPhase section */

/* Begin PBXGroup section */
		DA9188021EE846D3002B840B = {
			isa = PBXGroup;
			children = (
				DA91880D1EE846D3002B840B /* bigBrother */,
				DA91880C1EE846D3002B840B /* Products */,
			);
			sourceTree = "<group>";
		};
		DA91880C1EE846D3002B840B /* Products */ = {
			isa = PBXGroup;
			children = (
				DA91880B1EE846D3002B840B /* bigBrother.app */,
			);
			name = Products;
			sourceTree = "<group>";
		};
		DA91880D1EE846D3002B840B /* bigBrother */ = {
			isa = PBXGroup;
			children = (
				DA9188201EE847D0002B840B /* Controller */,
				DA9188291EE847D0002B840B /* Model */,
				DA9188411EE847D1002B840B /* View */,
				DA91882E1EE847D0002B840B /* Support */,
				DA91881A1EE846D3002B840B /* Info.plist */,
			);
			path = bigBrother;
			sourceTree = "<group>";
		};
		DA9188201EE847D0002B840B /* Controller */ = {
			isa = PBXGroup;
			children = (
				DA9188211EE847D0002B840B /* Abstract */,
				DA9188251EE847D0002B840B /* Create */,
				DA9188271EE847D0002B840B /* Home */,
			);
			path = Controller;
			sourceTree = "<group>";
		};
		DA9188211EE847D0002B840B /* Abstract */ = {
			isa = PBXGroup;
			children = (
				DA9188221EE847D0002B840B /* AppDelegate.swift */,
				DA9188231EE847D0002B840B /* Controller.swift */,
				DA9188241EE847D0002B840B /* ControllerParent.swift */,
			);
			path = Abstract;
			sourceTree = "<group>";
		};
		DA9188251EE847D0002B840B /* Create */ = {
			isa = PBXGroup;
			children = (
				DA9188261EE847D0002B840B /* CCreate.swift */,
			);
			path = Create;
			sourceTree = "<group>";
		};
		DA9188271EE847D0002B840B /* Home */ = {
			isa = PBXGroup;
			children = (
				DA9188281EE847D0002B840B /* CHome.swift */,
			);
			path = Home;
			sourceTree = "<group>";
		};
		DA9188291EE847D0002B840B /* Model */ = {
			isa = PBXGroup;
			children = (
				DA91882A1EE847D0002B840B /* Create */,
				DA91882B1EE847D0002B840B /* Home */,
				DA91882C1EE847D0002B840B /* Main */,
			);
			path = Model;
			sourceTree = "<group>";
		};
		DA91882A1EE847D0002B840B /* Create */ = {
			isa = PBXGroup;
			children = (
			);
			path = Create;
			sourceTree = "<group>";
		};
		DA91882B1EE847D0002B840B /* Home */ = {
			isa = PBXGroup;
			children = (
			);
			path = Home;
			sourceTree = "<group>";
		};
		DA91882C1EE847D0002B840B /* Main */ = {
			isa = PBXGroup;
			children = (
				DA91882D1EE847D0002B840B /* MSession.swift */,
			);
			path = Main;
			sourceTree = "<group>";
		};
		DA91882E1EE847D0002B840B /* Support */ = {
			isa = PBXGroup;
			children = (
				DA91882F1EE847D0002B840B /* Assets */,
				DA9188311EE847D0002B840B /* Data */,
				DA9188321EE847D0002B840B /* Extensions */,
				DA91883D1EE847D1002B840B /* Resource */,
			);
			path = Support;
			sourceTree = "<group>";
		};
		DA91882F1EE847D0002B840B /* Assets */ = {
			isa = PBXGroup;
			children = (
				DA9188301EE847D0002B840B /* LaunchScreen.storyboard */,
			);
			path = Assets;
			sourceTree = "<group>";
		};
		DA9188311EE847D0002B840B /* Data */ = {
			isa = PBXGroup;
			children = (
			);
			path = Data;
			sourceTree = "<group>";
		};
		DA9188321EE847D0002B840B /* Extensions */ = {
			isa = PBXGroup;
			children = (
				DA9188331EE847D0002B840B /* ExtensionDictionary.swift */,
				DA9188341EE847D0002B840B /* ExtensionFileManager.swift */,
				DA9188351EE847D0002B840B /* ExtensionNotification.swift */,
				DA9188361EE847D1002B840B /* ExtensionNSLayoutConstraint.swift */,
				DA9188371EE847D1002B840B /* ExtensionNSManagedObject.swift */,
				DA9188381EE847D1002B840B /* ExtensionString.swift */,
				DA9188391EE847D1002B840B /* ExtensionUICollectionReusableView.swift */,
				DA91883A1EE847D1002B840B /* ExtensionUIColor.swift */,
				DA91883B1EE847D1002B840B /* ExtensionUIFont.swift */,
				DA91883C1EE847D1002B840B /* ExtensionURL.swift */,
			);
			path = Extensions;
			sourceTree = "<group>";
		};
		DA91883D1EE847D1002B840B /* Resource */ = {
			isa = PBXGroup;
			children = (
				DA91883E1EE847D1002B840B /* Localizable.strings */,
				DA9188401EE847D1002B840B /* ResourceURL.plist */,
			);
			path = Resource;
			sourceTree = "<group>";
		};
		DA9188411EE847D1002B840B /* View */ = {
			isa = PBXGroup;
			children = (
				DA9188421EE847D1002B840B /* Abstract */,
				DA9188451EE847D1002B840B /* Basic */,
				DA91884F1EE847D1002B840B /* Create */,
				DA9188511EE847D1002B840B /* Home */,
			);
			path = View;
			sourceTree = "<group>";
		};
		DA9188421EE847D1002B840B /* Abstract */ = {
			isa = PBXGroup;
			children = (
				DA9188431EE847D1002B840B /* View.swift */,
				DA9188441EE847D1002B840B /* ViewParent.swift */,
			);
			path = Abstract;
			sourceTree = "<group>";
		};
		DA9188451EE847D1002B840B /* Basic */ = {
			isa = PBXGroup;
			children = (
				DA9188461EE847D1002B840B /* VAlert.swift */,
				DA9188471EE847D1002B840B /* VBlur.swift */,
				DA9188481EE847D1002B840B /* VBorder.swift */,
				DA9188491EE847D1002B840B /* VCollection.swift */,
				DA91884A1EE847D1002B840B /* VCollectionFlow.swift */,
				DA91884B1EE847D1002B840B /* VGradient.swift */,
				DA91884C1EE847D1002B840B /* VPushBackground.swift */,
				DA91884D1EE847D1002B840B /* VSpinner.swift */,
				DA91884E1EE847D1002B840B /* VToast.swift */,
			);
			path = Basic;
			sourceTree = "<group>";
		};
		DA91884F1EE847D1002B840B /* Create */ = {
			isa = PBXGroup;
			children = (
				DA9188501EE847D1002B840B /* VCreate.swift */,
				DA9188731EE849D4002B840B /* VCreateBar.swift */,
			);
			path = Create;
			sourceTree = "<group>";
		};
		DA9188511EE847D1002B840B /* Home */ = {
			isa = PBXGroup;
			children = (
				DA9188521EE847D1002B840B /* VHome.swift */,
			);
			path = Home;
			sourceTree = "<group>";
		};
/* End PBXGroup section */

/* Begin PBXNativeTarget section */
		DA91880A1EE846D3002B840B /* bigBrother */ = {
			isa = PBXNativeTarget;
			buildConfigurationList = DA91881D1EE846D3002B840B /* Build configuration list for PBXNativeTarget "bigBrother" */;
			buildPhases = (
				DA9188071EE846D3002B840B /* Sources */,
				DA9188081EE846D3002B840B /* Frameworks */,
				DA9188091EE846D3002B840B /* Resources */,
			);
			buildRules = (
			);
			dependencies = (
			);
			name = bigBrother;
			productName = bigBrother;
			productReference = DA91880B1EE846D3002B840B /* bigBrother.app */;
			productType = "com.apple.product-type.application";
		};
/* End PBXNativeTarget section */

/* Begin PBXProject section */
		DA9188031EE846D3002B840B /* Project object */ = {
			isa = PBXProject;
			attributes = {
				LastSwiftUpdateCheck = 0830;
				LastUpgradeCheck = 0830;
				ORGANIZATIONNAME = iturbide;
				TargetAttributes = {
					DA91880A1EE846D3002B840B = {
						CreatedOnToolsVersion = 8.3.2;
						DevelopmentTeam = 7AMWG3RLHN;
						ProvisioningStyle = Automatic;
						SystemCapabilities = {
							com.apple.BackgroundModes = {
								enabled = 1;
							};
						};
					};
				};
			};
			buildConfigurationList = DA9188061EE846D3002B840B /* Build configuration list for PBXProject "bigBrother" */;
			compatibilityVersion = "Xcode 3.2";
			developmentRegion = English;
			hasScannedForEncodings = 0;
			knownRegions = (
				en,
			);
			mainGroup = DA9188021EE846D3002B840B;
			productRefGroup = DA91880C1EE846D3002B840B /* Products */;
			projectDirPath = "";
			projectRoot = "";
			targets = (
				DA91880A1EE846D3002B840B /* bigBrother */,
			);
		};
/* End PBXProject section */

/* Begin PBXResourcesBuildPhase section */
		DA9188091EE846D3002B840B /* Resources */ = {
			isa = PBXResourcesBuildPhase;
			buildActionMask = 2147483647;
			files = (
				DA9188591EE847D1002B840B /* LaunchScreen.storyboard in Resources */,
				DA9188641EE847D1002B840B /* Localizable.strings in Resources */,
				DA9188651EE847D1002B840B /* ResourceURL.plist in Resources */,
			);
			runOnlyForDeploymentPostprocessing = 0;
		};
/* End PBXResourcesBuildPhase section */

/* Begin PBXSourcesBuildPhase section */
		DA9188071EE846D3002B840B /* Sources */ = {
			isa = PBXSourcesBuildPhase;
			buildActionMask = 2147483647;
			files = (
				DA9188531EE847D1002B840B /* AppDelegate.swift in Sources */,
				DA9188551EE847D1002B840B /* ControllerParent.swift in Sources */,
				DA91886C1EE847D1002B840B /* VCollectionFlow.swift in Sources */,
				DA91885C1EE847D1002B840B /* ExtensionNotification.swift in Sources */,
				DA91885D1EE847D1002B840B /* ExtensionNSLayoutConstraint.swift in Sources */,
				DA9188661EE847D1002B840B /* View.swift in Sources */,
				DA91886E1EE847D1002B840B /* VPushBackground.swift in Sources */,
				DA9188721EE847D1002B840B /* VHome.swift in Sources */,
				DA9188541EE847D1002B840B /* Controller.swift in Sources */,
				DA9188701EE847D1002B840B /* VToast.swift in Sources */,
				DA9188611EE847D1002B840B /* ExtensionUIColor.swift in Sources */,
				DA9188621EE847D1002B840B /* ExtensionUIFont.swift in Sources */,
				DA9188741EE849D4002B840B /* VCreateBar.swift in Sources */,
				DA91886B1EE847D1002B840B /* VCollection.swift in Sources */,
				DA9188561EE847D1002B840B /* CCreate.swift in Sources */,
				DA9188691EE847D1002B840B /* VBlur.swift in Sources */,
				DA9188711EE847D1002B840B /* VCreate.swift in Sources */,
				DA9188581EE847D1002B840B /* MSession.swift in Sources */,
				DA91886F1EE847D1002B840B /* VSpinner.swift in Sources */,
				DA9188681EE847D1002B840B /* VAlert.swift in Sources */,
				DA91886D1EE847D1002B840B /* VGradient.swift in Sources */,
				DA91885B1EE847D1002B840B /* ExtensionFileManager.swift in Sources */,
				DA91885F1EE847D1002B840B /* ExtensionString.swift in Sources */,
				DA9188571EE847D1002B840B /* CHome.swift in Sources */,
				DA91886A1EE847D1002B840B /* VBorder.swift in Sources */,
				DA9188601EE847D1002B840B /* ExtensionUICollectionReusableView.swift in Sources */,
				DA9188631EE847D1002B840B /* ExtensionURL.swift in Sources */,
				DA91885E1EE847D1002B840B /* ExtensionNSManagedObject.swift in Sources */,
				DA9188671EE847D1002B840B /* ViewParent.swift in Sources */,
				DA91885A1EE847D1002B840B /* ExtensionDictionary.swift in Sources */,
			);
			runOnlyForDeploymentPostprocessing = 0;
		};
/* End PBXSourcesBuildPhase section */

/* Begin PBXVariantGroup section */
		DA91883E1EE847D1002B840B /* Localizable.strings */ = {
			isa = PBXVariantGroup;
			children = (
				DA91883F1EE847D1002B840B /* en */,
			);
			name = Localizable.strings;
			sourceTree = "<group>";
		};
/* End PBXVariantGroup section */

/* Begin XCBuildConfiguration section */
		DA91881B1EE846D3002B840B /* Debug */ = {
			isa = XCBuildConfiguration;
			buildSettings = {
				ALWAYS_SEARCH_USER_PATHS = NO;
				CLANG_ANALYZER_NONNULL = YES;
				CLANG_ANALYZER_NUMBER_OBJECT_CONVERSION = YES_AGGRESSIVE;
				CLANG_CXX_LANGUAGE_STANDARD = "gnu++0x";
				CLANG_CXX_LIBRARY = "libc++";
				CLANG_ENABLE_MODULES = NO;
				CLANG_ENABLE_OBJC_ARC = NO;
				CLANG_LINK_OBJC_RUNTIME = NO;
				CLANG_WARN_BOOL_CONVERSION = YES;
				CLANG_WARN_CONSTANT_CONVERSION = YES;
				CLANG_WARN_DIRECT_OBJC_ISA_USAGE = YES_ERROR;
				CLANG_WARN_DOCUMENTATION_COMMENTS = YES;
				CLANG_WARN_EMPTY_BODY = YES;
				CLANG_WARN_ENUM_CONVERSION = YES;
				CLANG_WARN_INFINITE_RECURSION = YES;
				CLANG_WARN_INT_CONVERSION = YES;
				CLANG_WARN_OBJC_ROOT_CLASS = YES_ERROR;
				CLANG_WARN_SUSPICIOUS_MOVE = YES;
				CLANG_WARN_UNREACHABLE_CODE = YES;
				CLANG_WARN__DUPLICATE_METHOD_MATCH = YES;
				"CODE_SIGN_IDENTITY[sdk=iphoneos*]" = "iPhone Developer";
				COPY_PHASE_STRIP = NO;
				DEBUG_INFORMATION_FORMAT = dwarf;
				ENABLE_STRICT_OBJC_MSGSEND = YES;
				ENABLE_TESTABILITY = YES;
				GCC_C_LANGUAGE_STANDARD = gnu99;
				GCC_DYNAMIC_NO_PIC = NO;
				GCC_ENABLE_OBJC_EXCEPTIONS = NO;
				GCC_NO_COMMON_BLOCKS = YES;
				GCC_OPTIMIZATION_LEVEL = 0;
				GCC_PREPROCESSOR_DEFINITIONS = (
					"DEBUG=1",
					"$(inherited)",
				);
				GCC_WARN_64_TO_32_BIT_CONVERSION = YES;
				GCC_WARN_ABOUT_RETURN_TYPE = YES_ERROR;
				GCC_WARN_UNDECLARED_SELECTOR = YES;
				GCC_WARN_UNINITIALIZED_AUTOS = YES_AGGRESSIVE;
				GCC_WARN_UNUSED_FUNCTION = YES;
				GCC_WARN_UNUSED_VARIABLE = YES;
				IPHONEOS_DEPLOYMENT_TARGET = 10.0;
				MTL_ENABLE_DEBUG_INFO = YES;
				ONLY_ACTIVE_ARCH = YES;
				SDKROOT = iphoneos;
				SWIFT_ACTIVE_COMPILATION_CONDITIONS = DEBUG;
				SWIFT_INSTALL_OBJC_HEADER = NO;
				SWIFT_OPTIMIZATION_LEVEL = "-Onone";
				TARGETED_DEVICE_FAMILY = "1,2";
			};
			name = Debug;
		};
		DA91881C1EE846D3002B840B /* Release */ = {
			isa = XCBuildConfiguration;
			buildSettings = {
				ALWAYS_SEARCH_USER_PATHS = NO;
				CLANG_ANALYZER_NONNULL = YES;
				CLANG_ANALYZER_NUMBER_OBJECT_CONVERSION = YES_AGGRESSIVE;
				CLANG_CXX_LANGUAGE_STANDARD = "gnu++0x";
				CLANG_CXX_LIBRARY = "libc++";
				CLANG_ENABLE_MODULES = NO;
				CLANG_ENABLE_OBJC_ARC = NO;
				CLANG_LINK_OBJC_RUNTIME = NO;
				CLANG_WARN_BOOL_CONVERSION = YES;
				CLANG_WARN_CONSTANT_CONVERSION = YES;
				CLANG_WARN_DIRECT_OBJC_ISA_USAGE = YES_ERROR;
				CLANG_WARN_DOCUMENTATION_COMMENTS = YES;
				CLANG_WARN_EMPTY_BODY = YES;
				CLANG_WARN_ENUM_CONVERSION = YES;
				CLANG_WARN_INFINITE_RECURSION = YES;
				CLANG_WARN_INT_CONVERSION = YES;
				CLANG_WARN_OBJC_ROOT_CLASS = YES_ERROR;
				CLANG_WARN_SUSPICIOUS_MOVE = YES;
				CLANG_WARN_UNREACHABLE_CODE = YES;
				CLANG_WARN__DUPLICATE_METHOD_MATCH = YES;
				"CODE_SIGN_IDENTITY[sdk=iphoneos*]" = "iPhone Developer";
				COPY_PHASE_STRIP = NO;
				DEBUG_INFORMATION_FORMAT = "dwarf-with-dsym";
				ENABLE_NS_ASSERTIONS = NO;
				ENABLE_STRICT_OBJC_MSGSEND = YES;
				GCC_C_LANGUAGE_STANDARD = gnu99;
				GCC_ENABLE_OBJC_EXCEPTIONS = NO;
				GCC_NO_COMMON_BLOCKS = YES;
				GCC_WARN_64_TO_32_BIT_CONVERSION = YES;
				GCC_WARN_ABOUT_RETURN_TYPE = YES_ERROR;
				GCC_WARN_UNDECLARED_SELECTOR = YES;
				GCC_WARN_UNINITIALIZED_AUTOS = YES_AGGRESSIVE;
				GCC_WARN_UNUSED_FUNCTION = YES;
				GCC_WARN_UNUSED_VARIABLE = YES;
				IPHONEOS_DEPLOYMENT_TARGET = 10.0;
				MTL_ENABLE_DEBUG_INFO = NO;
				SDKROOT = iphoneos;
				SWIFT_INSTALL_OBJC_HEADER = NO;
				SWIFT_OPTIMIZATION_LEVEL = "-Owholemodule";
				TARGETED_DEVICE_FAMILY = "1,2";
				VALIDATE_PRODUCT = YES;
			};
			name = Release;
		};
		DA91881E1EE846D3002B840B /* Debug */ = {
			isa = XCBuildConfiguration;
			buildSettings = {
				DEVELOPMENT_TEAM = 7AMWG3RLHN;
				INFOPLIST_FILE = bigBrother/Info.plist;
				LD_RUNPATH_SEARCH_PATHS = "$(inherited) @executable_path/Frameworks";
				PRODUCT_BUNDLE_IDENTIFIER = iturbide.bigBrother;
				PRODUCT_NAME = "$(TARGET_NAME)";
				SWIFT_VERSION = 3.0;
				TARGETED_DEVICE_FAMILY = "1,2";
			};
			name = Debug;
		};
		DA91881F1EE846D3002B840B /* Release */ = {
			isa = XCBuildConfiguration;
			buildSettings = {
				DEVELOPMENT_TEAM = 7AMWG3RLHN;
				INFOPLIST_FILE = bigBrother/Info.plist;
				LD_RUNPATH_SEARCH_PATHS = "$(inherited) @executable_path/Frameworks";
				PRODUCT_BUNDLE_IDENTIFIER = iturbide.bigBrother;
				PRODUCT_NAME = "$(TARGET_NAME)";
				SWIFT_VERSION = 3.0;
				TARGETED_DEVICE_FAMILY = "1,2";
			};
			name = Release;
		};
/* End XCBuildConfiguration section */

/* Begin XCConfigurationList section */
		DA9188061EE846D3002B840B /* Build configuration list for PBXProject "bigBrother" */ = {
			isa = XCConfigurationList;
			buildConfigurations = (
				DA91881B1EE846D3002B840B /* Debug */,
				DA91881C1EE846D3002B840B /* Release */,
			);
			defaultConfigurationIsVisible = 0;
			defaultConfigurationName = Release;
		};
		DA91881D1EE846D3002B840B /* Build configuration list for PBXNativeTarget "bigBrother" */ = {
			isa = XCConfigurationList;
			buildConfigurations = (
				DA91881E1EE846D3002B840B /* Debug */,
				DA91881F1EE846D3002B840B /* Release */,
			);
			defaultConfigurationIsVisible = 0;
			defaultConfigurationName = Release;
		};
/* End XCConfigurationList section */
	};
	rootObject = DA9188031EE846D3002B840B /* Project object */;
}
